
Microsoft Visual Studio Solution File, Format Version 12.00
# Visual Studio Version 16
VisualStudioVersion = 16.0.29926.136
MinimumVisualStudioVersion = 10.0.40219.1
Project("{FAE04EC0-301F-11D3-BF4B-00C04F79EFBC}") = "AsyncPlayground", "AsyncPlayground\AsyncPlayground.csproj", "{8CD8F709-8928-442D-90B2-30F785770966}"
EndProject
Project("{FAE04EC0-301F-11D3-BF4B-00C04F79EFBC}") = "WindowCalculator", "WindowCalculator\WindowCalculator.csproj", "{7642EE35-85C7-4496-BD61-D0BE21843428}"
EndProject
Global
	GlobalSection(SolutionConfigurationPlatforms) = preSolution
		Debug|Any CPU = Debug|Any CPU
		Release|Any CPU = Release|Any CPU
	EndGlobalSection
	GlobalSection(ProjectConfigurationPlatforms) = postSolution
		{8CD8F709-8928-442D-90B2-30F785770966}.Debug|Any CPU.ActiveCfg = Debug|Any CPU
		{8CD8F709-8928-442D-90B2-30F785770966}.Debug|Any CPU.Build.0 = Debug|Any CPU
		{8CD8F709-8928-442D-90B2-30F785770966}.Release|Any CPU.ActiveCfg = Release|Any CPU
		{8CD8F709-8928-442D-90B2-30F785770966}.Release|Any CPU.Build.0 = Release|Any CPU
		{7642EE35-85C7-4496-BD61-D0BE21843428}.Debug|Any CPU.ActiveCfg = Debug|Any CPU
		{7642EE35-85C7-4496-BD61-D0BE21843428}.Debug|Any CPU.Build.0 = Debug|Any CPU
		{7642EE35-85C7-4496-BD61-D0BE21843428}.Release|Any CPU.ActiveCfg = Release|Any CPU
		{7642EE35-85C7-4496-BD61-D0BE21843428}.Release|Any CPU.Build.0 = Release|Any CPU
	EndGlobalSection
	GlobalSection(SolutionProperties) = preSolution
		HideSolutionNode = FALSE
	EndGlobalSection
	GlobalSection(ExtensibilityGlobals) = postSolution
		SolutionGuid = {5879DDD4-1931-436E-88BF-50BFA321C2A3}
	EndGlobalSection
EndGlobal
